<Solution>
  <Folder Name="/src/">
    <Project Path="src/WBAPI.API/WBAPI.API.csproj" />
    <Project Path="src/WBAPI.Application/WBAPI.Application.csproj" />
    <Project Path="src/WBAPI.Domain/WBAPI.Domain.csproj" />
    <Project Path="src/WBAPI.Infrastructure/WBAPI.Infrastructure.csproj" />
  </Folder>
  <Folder Name="/tests/">
    <Project Path="tests/WBAPI.IntegrationTests/WBAPI.IntegrationTests.csproj" />
    <Project Path="tests/WBAPI.UnitTests/WBAPI.UnitTests.csproj" />
  </Folder>
</Solution>
